
Microsoft Visual Studio Solution File, Format Version 12.00
# Visual Studio Version 17
VisualStudioVersion = 17.13.35806.99 d17.13
MinimumVisualStudioVersion = 10.0.40219.1
Project("{FAE04EC0-301F-11D3-BF4B-00C04F79EFBC}") = "practica_Area_Circulo", "practica_Area_Circulo.csproj", "{3E2FD133-5422-4171-823C-DB2621DFF453}"
EndProject
Global
	GlobalSection(SolutionConfigurationPlatforms) = preSolution
		Debug|Any CPU = Debug|Any CPU
		Release|Any CPU = Release|Any CPU
	EndGlobalSection
	GlobalSection(ProjectConfigurationPlatforms) = postSolution
		{3E2FD133-5422-4171-823C-DB2621DFF453}.Debug|Any CPU.ActiveCfg = Debug|Any CPU
		{3E2FD133-5422-4171-823C-DB2621DFF453}.Debug|Any CPU.Build.0 = Debug|Any CPU
		{3E2FD133-5422-4171-823C-DB2621DFF453}.Release|Any CPU.ActiveCfg = Release|Any CPU
		{3E2FD133-5422-4171-823C-DB2621DFF453}.Release|Any CPU.Build.0 = Release|Any CPU
	EndGlobalSection
	GlobalSection(SolutionProperties) = preSolution
		HideSolutionNode = FALSE
	EndGlobalSection
	GlobalSection(ExtensibilityGlobals) = postSolution
		SolutionGuid = {BE8FCE53-7CB3-49C0-95F6-AAF603E7D9B3}
	EndGlobalSection
EndGlobal
